
Microsoft Visual Studio Solution File, Format Version 12.00
# Visual Studio Version 16
VisualStudioVersion = 16.0.31605.320
MinimumVisualStudioVersion = 10.0.40219.1
Project("{FAE04EC0-301F-11D3-BF4B-00C04F79EFBC}") = "Pedly.Android", "Pedly\Pedly.Android\Pedly.Android.csproj", "{521727FB-FAC8-4DC0-AD43-8B60A55301B6}"
EndProject
Project("{FAE04EC0-301F-11D3-BF4B-00C04F79EFBC}") = "Pedly.iOS", "Pedly\Pedly.iOS\Pedly.iOS.csproj", "{037E9C25-09A2-4E36-B82C-B1B9E24BB185}"
EndProject
Project("{FAE04EC0-301F-11D3-BF4B-00C04F79EFBC}") = "Pedly", "Pedly\Pedly\Pedly.csproj", "{4119403C-2602-4449-B366-F324C321275A}"
EndProject
Global
	GlobalSection(SolutionConfigurationPlatforms) = preSolution
		Debug|Any CPU = Debug|Any CPU
		Debug|iPhone = Debug|iPhone
		Debug|iPhoneSimulator = Debug|iPhoneSimulator
		Release|Any CPU = Release|Any CPU
		Release|iPhone = Release|iPhone
		Release|iPhoneSimulator = Release|iPhoneSimulator
	EndGlobalSection
	GlobalSection(ProjectConfigurationPlatforms) = postSolution
		{521727FB-FAC8-4DC0-AD43-8B60A55301B6}.Debug|Any CPU.ActiveCfg = Debug|Any CPU
		{521727FB-FAC8-4DC0-AD43-8B60A55301B6}.Debug|Any CPU.Build.0 = Debug|Any CPU
		{521727FB-FAC8-4DC0-AD43-8B60A55301B6}.Debug|Any CPU.Deploy.0 = Debug|Any CPU
		{521727FB-FAC8-4DC0-AD43-8B60A55301B6}.Debug|iPhone.ActiveCfg = Debug|Any CPU
		{521727FB-FAC8-4DC0-AD43-8B60A55301B6}.Debug|iPhone.Build.0 = Debug|Any CPU
		{521727FB-FAC8-4DC0-AD43-8B60A55301B6}.Debug|iPhone.Deploy.0 = Debug|Any CPU
		{521727FB-FAC8-4DC0-AD43-8B60A55301B6}.Debug|iPhoneSimulator.ActiveCfg = Debug|Any CPU
		{521727FB-FAC8-4DC0-AD43-8B60A55301B6}.Debug|iPhoneSimulator.Build.0 = Debug|Any CPU
		{521727FB-FAC8-4DC0-AD43-8B60A55301B6}.Debug|iPhoneSimulator.Deploy.0 = Debug|Any CPU
		{521727FB-FAC8-4DC0-AD43-8B60A55301B6}.Release|Any CPU.ActiveCfg = Release|Any CPU
		{521727FB-FAC8-4DC0-AD43-8B60A55301B6}.Release|Any CPU.Build.0 = Release|Any CPU
		{521727FB-FAC8-4DC0-AD43-8B60A55301B6}.Release|Any CPU.Deploy.0 = Release|Any CPU
		{521727FB-FAC8-4DC0-AD43-8B60A55301B6}.Release|iPhone.ActiveCfg = Release|Any CPU
		{521727FB-FAC8-4DC0-AD43-8B60A55301B6}.Release|iPhone.Build.0 = Release|Any CPU
		{521727FB-FAC8-4DC0-AD43-8B60A55301B6}.Release|iPhone.Deploy.0 = Release|Any CPU
		{521727FB-FAC8-4DC0-AD43-8B60A55301B6}.Release|iPhoneSimulator.ActiveCfg = Release|Any CPU
		{521727FB-FAC8-4DC0-AD43-8B60A55301B6}.Release|iPhoneSimulator.Build.0 = Release|Any CPU
		{521727FB-FAC8-4DC0-AD43-8B60A55301B6}.Release|iPhoneSimulator.Deploy.0 = Release|Any CPU
		{037E9C25-09A2-4E36-B82C-B1B9E24BB185}.Debug|Any CPU.ActiveCfg = Debug|iPhone
		{037E9C25-09A2-4E36-B82C-B1B9E24BB185}.Debug|Any CPU.Build.0 = Debug|iPhone
		{037E9C25-09A2-4E36-B82C-B1B9E24BB185}.Debug|Any CPU.Deploy.0 = Debug|iPhone
		{037E9C25-09A2-4E36-B82C-B1B9E24BB185}.Debug|iPhone.ActiveCfg = Debug|iPhone
		{037E9C25-09A2-4E36-B82C-B1B9E24BB185}.Debug|iPhone.Build.0 = Debug|iPhone
		{037E9C25-09A2-4E36-B82C-B1B9E24BB185}.Debug|iPhone.Deploy.0 = Debug|iPhone
		{037E9C25-09A2-4E36-B82C-B1B9E24BB185}.Debug|iPhoneSimulator.ActiveCfg = Debug|iPhoneSimulator
		{037E9C25-09A2-4E36-B82C-B1B9E24BB185}.Debug|iPhoneSimulator.Build.0 = Debug|iPhoneSimulator
		{037E9C25-09A2-4E36-B82C-B1B9E24BB185}.Debug|iPhoneSimulator.Deploy.0 = Debug|iPhoneSimulator
		{037E9C25-09A2-4E36-B82C-B1B9E24BB185}.Release|Any CPU.ActiveCfg = Release|iPhoneSimulator
		{037E9C25-09A2-4E36-B82C-B1B9E24BB185}.Release|Any CPU.Build.0 = Release|iPhoneSimulator
		{037E9C25-09A2-4E36-B82C-B1B9E24BB185}.Release|Any CPU.Deploy.0 = Release|iPhoneSimulator
		{037E9C25-09A2-4E36-B82C-B1B9E24BB185}.Release|iPhone.ActiveCfg = Release|iPhone
		{037E9C25-09A2-4E36-B82C-B1B9E24BB185}.Release|iPhone.Build.0 = Release|iPhone
		{037E9C25-09A2-4E36-B82C-B1B9E24BB185}.Release|iPhone.Deploy.0 = Release|iPhone
		{037E9C25-09A2-4E36-B82C-B1B9E24BB185}.Release|iPhoneSimulator.ActiveCfg = Release|iPhoneSimulator
		{037E9C25-09A2-4E36-B82C-B1B9E24BB185}.Release|iPhoneSimulator.Build.0 = Release|iPhoneSimulator
		{037E9C25-09A2-4E36-B82C-B1B9E24BB185}.Release|iPhoneSimulator.Deploy.0 = Release|iPhoneSimulator
		{4119403C-2602-4449-B366-F324C321275A}.Debug|Any CPU.ActiveCfg = Debug|Any CPU
		{4119403C-2602-4449-B366-F324C321275A}.Debug|Any CPU.Build.0 = Debug|Any CPU
		{4119403C-2602-4449-B366-F324C321275A}.Debug|Any CPU.Deploy.0 = Debug|Any CPU
		{4119403C-2602-4449-B366-F324C321275A}.Debug|iPhone.ActiveCfg = Debug|Any CPU
		{4119403C-2602-4449-B366-F324C321275A}.Debug|iPhone.Build.0 = Debug|Any CPU
		{4119403C-2602-4449-B366-F324C321275A}.Debug|iPhone.Deploy.0 = Debug|Any CPU
		{4119403C-2602-4449-B366-F324C321275A}.Debug|iPhoneSimulator.ActiveCfg = Debug|Any CPU
		{4119403C-2602-4449-B366-F324C321275A}.Debug|iPhoneSimulator.Build.0 = Debug|Any CPU
		{4119403C-2602-4449-B366-F324C321275A}.Debug|iPhoneSimulator.Deploy.0 = Debug|Any CPU
		{4119403C-2602-4449-B366-F324C321275A}.Release|Any CPU.ActiveCfg = Release|Any CPU
		{4119403C-2602-4449-B366-F324C321275A}.Release|Any CPU.Build.0 = Release|Any CPU
		{4119403C-2602-4449-B366-F324C321275A}.Release|Any CPU.Deploy.0 = Release|Any CPU
		{4119403C-2602-4449-B366-F324C321275A}.Release|iPhone.ActiveCfg = Release|Any CPU
		{4119403C-2602-4449-B366-F324C321275A}.Release|iPhone.Build.0 = Release|Any CPU
		{4119403C-2602-4449-B366-F324C321275A}.Release|iPhone.Deploy.0 = Release|Any CPU
		{4119403C-2602-4449-B366-F324C321275A}.Release|iPhoneSimulator.ActiveCfg = Release|Any CPU
		{4119403C-2602-4449-B366-F324C321275A}.Release|iPhoneSimulator.Build.0 = Release|Any CPU
		{4119403C-2602-4449-B366-F324C321275A}.Release|iPhoneSimulator.Deploy.0 = Release|Any CPU
	EndGlobalSection
	GlobalSection(SolutionProperties) = preSolution
		HideSolutionNode = FALSE
	EndGlobalSection
	GlobalSection(ExtensibilityGlobals) = postSolution
		SolutionGuid = {2D492ABE-C74A-4AB3-8051-C53DF985E335}
	EndGlobalSection
EndGlobal
